
Microsoft Visual Studio Solution File, Format Version 12.00
# Visual Studio Version 17
VisualStudioVersion = 17.9.34714.143
MinimumVisualStudioVersion = 10.0.40219.1
Project("{FAE04EC0-301F-11D3-BF4B-00C04F79EFBC}") = "WebBooking", "WebBooking.csproj", "{64EED49E-3E76-42C4-B39B-CF0EE49ADBF3}"
EndProject
Global
	GlobalSection(SolutionConfigurationPlatforms) = preSolution
		Debug|Any CPU = Debug|Any CPU
		Release|Any CPU = Release|Any CPU
	EndGlobalSection
	GlobalSection(ProjectConfigurationPlatforms) = postSolution
		{64EED49E-3E76-42C4-B39B-CF0EE49ADBF3}.Debug|Any CPU.ActiveCfg = Debug|Any CPU
		{64EED49E-3E76-42C4-B39B-CF0EE49ADBF3}.Debug|Any CPU.Build.0 = Debug|Any CPU
		{64EED49E-3E76-42C4-B39B-CF0EE49ADBF3}.Release|Any CPU.ActiveCfg = Release|Any CPU
		{64EED49E-3E76-42C4-B39B-CF0EE49ADBF3}.Release|Any CPU.Build.0 = Release|Any CPU
	EndGlobalSection
	GlobalSection(SolutionProperties) = preSolution
		HideSolutionNode = FALSE
	EndGlobalSection
	GlobalSection(ExtensibilityGlobals) = postSolution
		SolutionGuid = {96482B0F-5839-4752-9FAE-B4C0BA2C5B95}
	EndGlobalSection
EndGlobal
